<?xml version="1.0" encoding="utf-8"?>
<Project ToolsVersion="4.0" xmlns="http://schemas.microsoft.com/developer/msbuild/2003">
  <ItemGroup>
    <Filter Include="3rd party">
      <UniqueIdentifier>{87dea31c-6eff-449d-8d92-1e3ccd23bba1}</UniqueIdentifier>
    </Filter>
    <Filter Include="3rd party\libfastcgi">
      <UniqueIdentifier>{ccda961f-9af5-44c5-9ebb-7de23b6710a7}</UniqueIdentifier>
    </Filter>
    <Filter Include="3rd party\libfastcgi\include">
      <UniqueIdentifier>{ee38c3d5-3548-4526-b711-b3fe5b035173}</UniqueIdentifier>
    </Filter>
    <Filter Include="3rd party\gamespy">
      <UniqueIdentifier>{e5be3020-9975-4fb3-a4c0-accb7d59554e}</UniqueIdentifier>
    </Filter>
    <Filter Include="3rd party\gamespy\common">
      <UniqueIdentifier>{0ef862ac-aa68-4f23-a7cd-74ef2b4e9289}</UniqueIdentifier>
    </Filter>
    <Filter Include="3rd party\gamespy\ghttp">
      <UniqueIdentifier>{890d7294-e853-42fe-8798-c1336280d3a4}</UniqueIdentifier>
    </Filter>
    <Filter Include="3rd party\gamespy\gp">
      <UniqueIdentifier>{1aba50aa-7a98-4a96-b74b-3ac677f194fa}</UniqueIdentifier>
    </Filter>
    <Filter Include="3rd party\gamespy\sake">
      <UniqueIdentifier>{e441771e-275d-4055-a22c-8ef034956f32}</UniqueIdentifier>
    </Filter>
    <Filter Include="3rd party\gamespy\gt2">
      <UniqueIdentifier>{0e848e61-5d5d-4da3-959e-f49a32d4a095}</UniqueIdentifier>
    </Filter>
    <Filter Include="3rd party\pthread">
      <UniqueIdentifier>{c771dbb2-92c8-4401-b0f1-f39cefa44a84}</UniqueIdentifier>
    </Filter>
    <Filter Include="src">
      <UniqueIdentifier>{3b71d639-5d99-4c6a-8de3-568a0f85319a}</UniqueIdentifier>
    </Filter>
  </ItemGroup>
  <ItemGroup>
    <ClInclude Include="libraries\fcgi-2.4.0\fcgi_config.h">
      <Filter>3rd party\libfastcgi</Filter>
    </ClInclude>
    <ClInclude Include="libraries\fcgi-2.4.0\include\fcgiapp.h">
      <Filter>3rd party\libfastcgi\include</Filter>
    </ClInclude>
    <ClInclude Include="libraries\fcgi-2.4.0\include\fcgio.h">
      <Filter>3rd party\libfastcgi\include</Filter>
    </ClInclude>
    <ClInclude Include="libraries\gamespy\darray.h">
      <Filter>3rd party\gamespy</Filter>
    </ClInclude>
    <ClInclude Include="libraries\gamespy\hashtable.h">
      <Filter>3rd party\gamespy</Filter>
    </ClInclude>
    <ClInclude Include="libraries\gamespy\md5.h">
      <Filter>3rd party\gamespy</Filter>
    </ClInclude>
    <ClInclude Include="libraries\gamespy\nonport.h">
      <Filter>3rd party\gamespy</Filter>
    </ClInclude>
    <ClInclude Include="libraries\gamespy\common\gsAssert.h">
      <Filter>3rd party\gamespy\common</Filter>
    </ClInclude>
    <ClInclude Include="libraries\gamespy\common\gsAvailable.h">
      <Filter>3rd party\gamespy\common</Filter>
    </ClInclude>
    <ClInclude Include="libraries\gamespy\common\gsCommon.h">
      <Filter>3rd party\gamespy\common</Filter>
    </ClInclude>
    <ClInclude Include="libraries\gamespy\common\gsCore.h">
      <Filter>3rd party\gamespy\common</Filter>
    </ClInclude>
    <ClInclude Include="libraries\gamespy\common\gsCrypt.h">
      <Filter>3rd party\gamespy\common</Filter>
    </ClInclude>
    <ClInclude Include="libraries\gamespy\common\gsDebug.h">
      <Filter>3rd party\gamespy\common</Filter>
    </ClInclude>
    <ClInclude Include="libraries\gamespy\common\gsLargeInt.h">
      <Filter>3rd party\gamespy\common</Filter>
    </ClInclude>
    <ClInclude Include="libraries\gamespy\common\gsMemory.h">
      <Filter>3rd party\gamespy\common</Filter>
    </ClInclude>
    <ClInclude Include="libraries\gamespy\common\gsPlatform.h">
      <Filter>3rd party\gamespy\common</Filter>
    </ClInclude>
    <ClInclude Include="libraries\gamespy\common\gsPlatformSocket.h">
      <Filter>3rd party\gamespy\common</Filter>
    </ClInclude>
    <ClInclude Include="libraries\gamespy\common\gsPlatformThread.h">
      <Filter>3rd party\gamespy\common</Filter>
    </ClInclude>
    <ClInclude Include="libraries\gamespy\common\gsPlatformUtil.h">
      <Filter>3rd party\gamespy\common</Filter>
    </ClInclude>
    <ClInclude Include="libraries\gamespy\common\gsRC4.h">
      <Filter>3rd party\gamespy\common</Filter>
    </ClInclude>
    <ClInclude Include="libraries\gamespy\common\gsSHA1.h">
      <Filter>3rd party\gamespy\common</Filter>
    </ClInclude>
    <ClInclude Include="libraries\gamespy\common\gsSoap.h">
      <Filter>3rd party\gamespy\common</Filter>
    </ClInclude>
    <ClInclude Include="libraries\gamespy\common\gsSSL.h">
      <Filter>3rd party\gamespy\common</Filter>
    </ClInclude>
    <ClInclude Include="libraries\gamespy\common\gsStringUtil.h">
      <Filter>3rd party\gamespy\common</Filter>
    </ClInclude>
    <ClInclude Include="libraries\gamespy\common\gsUdpEngine.h">
      <Filter>3rd party\gamespy\common</Filter>
    </ClInclude>
    <ClInclude Include="libraries\gamespy\common\gsXML.h">
      <Filter>3rd party\gamespy\common</Filter>
    </ClInclude>
    <ClInclude Include="libraries\gamespy\ghttp\ghttp.h">
      <Filter>3rd party\gamespy\ghttp</Filter>
    </ClInclude>
    <ClInclude Include="libraries\gamespy\ghttp\ghttpASCII.h">
      <Filter>3rd party\gamespy\ghttp</Filter>
    </ClInclude>
    <ClInclude Include="libraries\gamespy\ghttp\ghttpBuffer.h">
      <Filter>3rd party\gamespy\ghttp</Filter>
    </ClInclude>
    <ClInclude Include="libraries\gamespy\ghttp\ghttpCallbacks.h">
      <Filter>3rd party\gamespy\ghttp</Filter>
    </ClInclude>
    <ClInclude Include="libraries\gamespy\ghttp\ghttpCommon.h">
      <Filter>3rd party\gamespy\ghttp</Filter>
    </ClInclude>
    <ClInclude Include="libraries\gamespy\ghttp\ghttpConnection.h">
      <Filter>3rd party\gamespy\ghttp</Filter>
    </ClInclude>
    <ClInclude Include="libraries\gamespy\ghttp\ghttpEncryption.h">
      <Filter>3rd party\gamespy\ghttp</Filter>
    </ClInclude>
    <ClInclude Include="libraries\gamespy\ghttp\ghttpMain.h">
      <Filter>3rd party\gamespy\ghttp</Filter>
    </ClInclude>
    <ClInclude Include="libraries\gamespy\ghttp\ghttpPost.h">
      <Filter>3rd party\gamespy\ghttp</Filter>
    </ClInclude>
    <ClInclude Include="libraries\gamespy\ghttp\ghttpProcess.h">
      <Filter>3rd party\gamespy\ghttp</Filter>
    </ClInclude>
    <ClInclude Include="libraries\gamespy\GP\gp.h">
      <Filter>3rd party\gamespy\gp</Filter>
    </ClInclude>
    <ClInclude Include="libraries\gamespy\GP\gpi.h">
      <Filter>3rd party\gamespy\gp</Filter>
    </ClInclude>
    <ClInclude Include="libraries\gamespy\GP\gpiBuddy.h">
      <Filter>3rd party\gamespy\gp</Filter>
    </ClInclude>
    <ClInclude Include="libraries\gamespy\GP\gpiBuffer.h">
      <Filter>3rd party\gamespy\gp</Filter>
    </ClInclude>
    <ClInclude Include="libraries\gamespy\GP\gpiCallback.h">
      <Filter>3rd party\gamespy\gp</Filter>
    </ClInclude>
    <ClInclude Include="libraries\gamespy\GP\gpiConnect.h">
      <Filter>3rd party\gamespy\gp</Filter>
    </ClInclude>
    <ClInclude Include="libraries\gamespy\GP\gpiInfo.h">
      <Filter>3rd party\gamespy\gp</Filter>
    </ClInclude>
    <ClInclude Include="libraries\gamespy\GP\gpiKeys.h">
      <Filter>3rd party\gamespy\gp</Filter>
    </ClInclude>
    <ClInclude Include="libraries\gamespy\GP\gpiOperation.h">
      <Filter>3rd party\gamespy\gp</Filter>
    </ClInclude>
    <ClInclude Include="libraries\gamespy\GP\gpiPeer.h">
      <Filter>3rd party\gamespy\gp</Filter>
    </ClInclude>
    <ClInclude Include="libraries\gamespy\GP\gpiProfile.h">
      <Filter>3rd party\gamespy\gp</Filter>
    </ClInclude>
    <ClInclude Include="libraries\gamespy\GP\gpiPS3.h">
      <Filter>3rd party\gamespy\gp</Filter>
    </ClInclude>
    <ClInclude Include="libraries\gamespy\GP\gpiSearch.h">
      <Filter>3rd party\gamespy\gp</Filter>
    </ClInclude>
    <ClInclude Include="libraries\gamespy\GP\gpiTransfer.h">
      <Filter>3rd party\gamespy\gp</Filter>
    </ClInclude>
    <ClInclude Include="libraries\gamespy\GP\gpiUnique.h">
      <Filter>3rd party\gamespy\gp</Filter>
    </ClInclude>
    <ClInclude Include="libraries\gamespy\GP\gpiUtility.h">
      <Filter>3rd party\gamespy\gp</Filter>
    </ClInclude>
    <ClInclude Include="libraries\gamespy\sake\sake.h">
      <Filter>3rd party\gamespy\sake</Filter>
    </ClInclude>
    <ClInclude Include="libraries\gamespy\sake\sakeMain.h">
      <Filter>3rd party\gamespy\sake</Filter>
    </ClInclude>
    <ClInclude Include="libraries\gamespy\sake\sakeRequest.h">
      <Filter>3rd party\gamespy\sake</Filter>
    </ClInclude>
    <ClInclude Include="libraries\gamespy\sake\sakeRequestInternal.h">
      <Filter>3rd party\gamespy\sake</Filter>
    </ClInclude>
    <ClInclude Include="libraries\gamespy\gt2\gt2.h">
      <Filter>3rd party\gamespy\gt2</Filter>
    </ClInclude>
    <ClInclude Include="libraries\gamespy\gt2\gt2Auth.h">
      <Filter>3rd party\gamespy\gt2</Filter>
    </ClInclude>
    <ClInclude Include="libraries\gamespy\gt2\gt2Buffer.h">
      <Filter>3rd party\gamespy\gt2</Filter>
    </ClInclude>
    <ClInclude Include="libraries\gamespy\gt2\gt2Callback.h">
      <Filter>3rd party\gamespy\gt2</Filter>
    </ClInclude>
    <ClInclude Include="libraries\gamespy\gt2\gt2Connection.h">
      <Filter>3rd party\gamespy\gt2</Filter>
    </ClInclude>
    <ClInclude Include="libraries\gamespy\gt2\gt2Encode.h">
      <Filter>3rd party\gamespy\gt2</Filter>
    </ClInclude>
    <ClInclude Include="libraries\gamespy\gt2\gt2Filter.h">
      <Filter>3rd party\gamespy\gt2</Filter>
    </ClInclude>
    <ClInclude Include="libraries\gamespy\gt2\gt2Main.h">
      <Filter>3rd party\gamespy\gt2</Filter>
    </ClInclude>
    <ClInclude Include="libraries\gamespy\gt2\gt2Message.h">
      <Filter>3rd party\gamespy\gt2</Filter>
    </ClInclude>
    <ClInclude Include="libraries\gamespy\gt2\gt2Socket.h">
      <Filter>3rd party\gamespy\gt2</Filter>
    </ClInclude>
    <ClInclude Include="libraries\gamespy\gt2\gt2Utility.h">
      <Filter>3rd party\gamespy\gt2</Filter>
    </ClInclude>
    <ClInclude Include="atlas_stalkercoppc_v1.h">
      <Filter>src</Filter>
    </ClInclude>
    <ClInclude Include="gamespy_sake.h">
      <Filter>src</Filter>
    </ClInclude>
    <ClInclude Include="profile_data_types.h">
      <Filter>src</Filter>
    </ClInclude>
    <ClInclude Include="profile_printer.h">
      <Filter>src</Filter>
    </ClInclude>
    <ClInclude Include="profile_request.h">
      <Filter>src</Filter>
    </ClInclude>
    <ClInclude Include="profiles_cache.h">
      <Filter>src</Filter>
    </ClInclude>
    <ClInclude Include="requests_processor.h">
      <Filter>src</Filter>
    </ClInclude>
    <ClInclude Include="sake_worker.h">
      <Filter>src</Filter>
    </ClInclude>
    <ClInclude Include="threads.h">
      <Filter>src</Filter>
    </ClInclude>
  </ItemGroup>
  <ItemGroup>
    <ClCompile Include="libraries\fcgi-2.4.0\libfcgi\fcgi_stdio.c">
      <Filter>3rd party\libfastcgi</Filter>
    </ClCompile>
    <ClCompile Include="libraries\fcgi-2.4.0\libfcgi\fcgiapp.c">
      <Filter>3rd party\libfastcgi</Filter>
    </ClCompile>
    <ClCompile Include="libraries\fcgi-2.4.0\libfcgi\fcgio.cpp">
      <Filter>3rd party\libfastcgi</Filter>
    </ClCompile>
    <ClCompile Include="libraries\fcgi-2.4.0\libfcgi\os_win32.c">
      <Filter>3rd party\libfastcgi</Filter>
    </ClCompile>
    <ClCompile Include="libraries\gamespy\darray.c">
      <Filter>3rd party\gamespy</Filter>
    </ClCompile>
    <ClCompile Include="libraries\gamespy\hashtable.c">
      <Filter>3rd party\gamespy</Filter>
    </ClCompile>
    <ClCompile Include="libraries\gamespy\md5c.c">
      <Filter>3rd party\gamespy</Filter>
    </ClCompile>
    <ClCompile Include="libraries\gamespy\nonport.c">
      <Filter>3rd party\gamespy</Filter>
    </ClCompile>
    <ClCompile Include="libraries\gamespy\common\gsAssert.c">
      <Filter>3rd party\gamespy\common</Filter>
    </ClCompile>
    <ClCompile Include="libraries\gamespy\common\gsAvailable.c">
      <Filter>3rd party\gamespy\common</Filter>
    </ClCompile>
    <ClCompile Include="libraries\gamespy\common\gsCore.c">
      <Filter>3rd party\gamespy\common</Filter>
    </ClCompile>
    <ClCompile Include="libraries\gamespy\common\gsCrypt.c">
      <Filter>3rd party\gamespy\common</Filter>
    </ClCompile>
    <ClCompile Include="libraries\gamespy\common\gsDebug.c">
      <Filter>3rd party\gamespy\common</Filter>
    </ClCompile>
    <ClCompile Include="libraries\gamespy\common\gsLargeInt.c">
      <Filter>3rd party\gamespy\common</Filter>
    </ClCompile>
    <ClCompile Include="libraries\gamespy\common\gsMemory.c">
      <Filter>3rd party\gamespy\common</Filter>
    </ClCompile>
    <ClCompile Include="libraries\gamespy\common\gsPlatform.c">
      <Filter>3rd party\gamespy\common</Filter>
    </ClCompile>
    <ClCompile Include="libraries\gamespy\common\gsPlatformSocket.c">
      <Filter>3rd party\gamespy\common</Filter>
    </ClCompile>
    <ClCompile Include="libraries\gamespy\common\gsPlatformThread.c">
      <Filter>3rd party\gamespy\common</Filter>
    </ClCompile>
    <ClCompile Include="libraries\gamespy\common\gsPlatformUtil.c">
      <Filter>3rd party\gamespy\common</Filter>
    </ClCompile>
    <ClCompile Include="libraries\gamespy\common\gsRC4.c">
      <Filter>3rd party\gamespy\common</Filter>
    </ClCompile>
    <ClCompile Include="libraries\gamespy\common\gsSHA1.c">
      <Filter>3rd party\gamespy\common</Filter>
    </ClCompile>
    <ClCompile Include="libraries\gamespy\common\gsSoap.c">
      <Filter>3rd party\gamespy\common</Filter>
    </ClCompile>
    <ClCompile Include="libraries\gamespy\common\gsSSL.c">
      <Filter>3rd party\gamespy\common</Filter>
    </ClCompile>
    <ClCompile Include="libraries\gamespy\common\gsStringUtil.c">
      <Filter>3rd party\gamespy\common</Filter>
    </ClCompile>
    <ClCompile Include="libraries\gamespy\common\gsUdpEngine.c">
      <Filter>3rd party\gamespy\common</Filter>
    </ClCompile>
    <ClCompile Include="libraries\gamespy\common\gsXML.c">
      <Filter>3rd party\gamespy\common</Filter>
    </ClCompile>
    <ClCompile Include="libraries\gamespy\ghttp\ghttpBuffer.c">
      <Filter>3rd party\gamespy\ghttp</Filter>
    </ClCompile>
    <ClCompile Include="libraries\gamespy\ghttp\ghttpCallbacks.c">
      <Filter>3rd party\gamespy\ghttp</Filter>
    </ClCompile>
    <ClCompile Include="libraries\gamespy\ghttp\ghttpCommon.c">
      <Filter>3rd party\gamespy\ghttp</Filter>
    </ClCompile>
    <ClCompile Include="libraries\gamespy\ghttp\ghttpConnection.c">
      <Filter>3rd party\gamespy\ghttp</Filter>
    </ClCompile>
    <ClCompile Include="libraries\gamespy\ghttp\ghttpEncryption.c">
      <Filter>3rd party\gamespy\ghttp</Filter>
    </ClCompile>
    <ClCompile Include="libraries\gamespy\ghttp\ghttpMain.c">
      <Filter>3rd party\gamespy\ghttp</Filter>
    </ClCompile>
    <ClCompile Include="libraries\gamespy\ghttp\ghttpPost.c">
      <Filter>3rd party\gamespy\ghttp</Filter>
    </ClCompile>
    <ClCompile Include="libraries\gamespy\ghttp\ghttpProcess.c">
      <Filter>3rd party\gamespy\ghttp</Filter>
    </ClCompile>
    <ClCompile Include="libraries\gamespy\GP\gp.c">
      <Filter>3rd party\gamespy\gp</Filter>
    </ClCompile>
    <ClCompile Include="libraries\gamespy\GP\gpi.c">
      <Filter>3rd party\gamespy\gp</Filter>
    </ClCompile>
    <ClCompile Include="libraries\gamespy\GP\gpiBuddy.c">
      <Filter>3rd party\gamespy\gp</Filter>
    </ClCompile>
    <ClCompile Include="libraries\gamespy\GP\gpiBuffer.c">
      <Filter>3rd party\gamespy\gp</Filter>
    </ClCompile>
    <ClCompile Include="libraries\gamespy\GP\gpiCallback.c">
      <Filter>3rd party\gamespy\gp</Filter>
    </ClCompile>
    <ClCompile Include="libraries\gamespy\GP\gpiConnect.c">
      <Filter>3rd party\gamespy\gp</Filter>
    </ClCompile>
    <ClCompile Include="libraries\gamespy\GP\gpiInfo.c">
      <Filter>3rd party\gamespy\gp</Filter>
    </ClCompile>
    <ClCompile Include="libraries\gamespy\GP\gpiKeys.c">
      <Filter>3rd party\gamespy\gp</Filter>
    </ClCompile>
    <ClCompile Include="libraries\gamespy\GP\gpiOperation.c">
      <Filter>3rd party\gamespy\gp</Filter>
    </ClCompile>
    <ClCompile Include="libraries\gamespy\GP\gpiPeer.c">
      <Filter>3rd party\gamespy\gp</Filter>
    </ClCompile>
    <ClCompile Include="libraries\gamespy\GP\gpiProfile.c">
      <Filter>3rd party\gamespy\gp</Filter>
    </ClCompile>
    <ClCompile Include="libraries\gamespy\GP\gpiPS3.c">
      <Filter>3rd party\gamespy\gp</Filter>
    </ClCompile>
    <ClCompile Include="libraries\gamespy\GP\gpiSearch.c">
      <Filter>3rd party\gamespy\gp</Filter>
    </ClCompile>
    <ClCompile Include="libraries\gamespy\GP\gpiTransfer.c">
      <Filter>3rd party\gamespy\gp</Filter>
    </ClCompile>
    <ClCompile Include="libraries\gamespy\GP\gpiUnique.c">
      <Filter>3rd party\gamespy\gp</Filter>
    </ClCompile>
    <ClCompile Include="libraries\gamespy\GP\gpiUtility.c">
      <Filter>3rd party\gamespy\gp</Filter>
    </ClCompile>
    <ClCompile Include="libraries\gamespy\sake\sakeMain.c">
      <Filter>3rd party\gamespy\sake</Filter>
    </ClCompile>
    <ClCompile Include="libraries\gamespy\sake\sakeRequest.c">
      <Filter>3rd party\gamespy\sake</Filter>
    </ClCompile>
    <ClCompile Include="libraries\gamespy\sake\sakeRequestMisc.c">
      <Filter>3rd party\gamespy\sake</Filter>
    </ClCompile>
    <ClCompile Include="libraries\gamespy\sake\sakeRequestModify.c">
      <Filter>3rd party\gamespy\sake</Filter>
    </ClCompile>
    <ClCompile Include="libraries\gamespy\sake\sakeRequestRead.c">
      <Filter>3rd party\gamespy\sake</Filter>
    </ClCompile>
    <ClCompile Include="libraries\gamespy\gt2\gt2Auth.c">
      <Filter>3rd party\gamespy\gt2</Filter>
    </ClCompile>
    <ClCompile Include="libraries\gamespy\gt2\gt2Buffer.c">
      <Filter>3rd party\gamespy\gt2</Filter>
    </ClCompile>
    <ClCompile Include="libraries\gamespy\gt2\gt2Callback.c">
      <Filter>3rd party\gamespy\gt2</Filter>
    </ClCompile>
    <ClCompile Include="libraries\gamespy\gt2\gt2Connection.c">
      <Filter>3rd party\gamespy\gt2</Filter>
    </ClCompile>
    <ClCompile Include="libraries\gamespy\gt2\gt2Encode.c">
      <Filter>3rd party\gamespy\gt2</Filter>
    </ClCompile>
    <ClCompile Include="libraries\gamespy\gt2\gt2Filter.c">
      <Filter>3rd party\gamespy\gt2</Filter>
    </ClCompile>
    <ClCompile Include="libraries\gamespy\gt2\gt2Main.c">
      <Filter>3rd party\gamespy\gt2</Filter>
    </ClCompile>
    <ClCompile Include="libraries\gamespy\gt2\gt2Message.c">
      <Filter>3rd party\gamespy\gt2</Filter>
    </ClCompile>
    <ClCompile Include="libraries\gamespy\gt2\gt2Socket.c">
      <Filter>3rd party\gamespy\gt2</Filter>
    </ClCompile>
    <ClCompile Include="libraries\gamespy\gt2\gt2Utility.c">
      <Filter>3rd party\gamespy\gt2</Filter>
    </ClCompile>
    <ClCompile Include="libraries\pthreads-w32-2-8-0-release\pthread.c">
      <Filter>3rd party\pthread</Filter>
    </ClCompile>
    <ClCompile Include="atlas_stalkercoppc_v1.c">
      <Filter>src</Filter>
    </ClCompile>
    <ClCompile Include="entry_point.cpp">
      <Filter>src</Filter>
    </ClCompile>
    <ClCompile Include="gamespy_sake.cpp">
      <Filter>src</Filter>
    </ClCompile>
    <ClCompile Include="profile_data_types.cpp">
      <Filter>src</Filter>
    </ClCompile>
    <ClCompile Include="profile_request.cpp">
      <Filter>src</Filter>
    </ClCompile>
    <ClCompile Include="profiles_cache.cpp">
      <Filter>src</Filter>
    </ClCompile>
    <ClCompile Include="requests_processor.cpp">
      <Filter>src</Filter>
    </ClCompile>
    <ClCompile Include="sake_worker.cpp">
      <Filter>src</Filter>
    </ClCompile>
    <ClCompile Include="threads.cpp">
      <Filter>src</Filter>
    </ClCompile>
  </ItemGroup>
</Project>