<?xml version="1.0" encoding="utf-8"?>
<Project ToolsVersion="4.0" xmlns="http://schemas.microsoft.com/developer/msbuild/2003">
  <ItemGroup>
    <Filter Include="Source Files">
      <UniqueIdentifier>{e7c22763-3adc-4049-8db4-12020dc8a14e}</UniqueIdentifier>
      <Extensions>cpp;c;cxx;rc;def;r;odl;idl;hpj;bat</Extensions>
    </Filter>
    <Filter Include="Header Files">
      <UniqueIdentifier>{5c0e9870-93e1-4401-aa18-1ec2502a8a84}</UniqueIdentifier>
      <Extensions>h;hpp;hxx;hm;inl</Extensions>
    </Filter>
    <Filter Include="Resource Files">
      <UniqueIdentifier>{74c12aeb-d10e-463e-b212-4762327eb184}</UniqueIdentifier>
      <Extensions>ico;cur;bmp;dlg;rc2;rct;bin;rgs;gif;jpg;jpeg;jpe</Extensions>
    </Filter>
  </ItemGroup>
  <ItemGroup>
    <ClCompile Include="al.cpp">
      <Filter>Source Files</Filter>
    </ClCompile>
    <ClCompile Include="alc.cpp">
      <Filter>Source Files</Filter>
    </ClCompile>
    <ClCompile Include="alList.cpp">
      <Filter>Source Files</Filter>
    </ClCompile>
    <ClCompile Include="OpenAL32.cpp">
      <Filter>Source Files</Filter>
    </ClCompile>
  </ItemGroup>
  <ItemGroup>
    <ResourceCompile Include="OpenAL32.rc">
      <Filter>Source Files</Filter>
    </ResourceCompile>
  </ItemGroup>
  <ItemGroup>
    <ClInclude Include="alList.h">
      <Filter>Header Files</Filter>
    </ClInclude>
    <ClInclude Include="OpenAL32.h">
      <Filter>Header Files</Filter>
    </ClInclude>
    <ClInclude Include="resource.h">
      <Filter>Header Files</Filter>
    </ClInclude>
  </ItemGroup>
</Project>